// !$*UTF8*$!
{
	archiveVersion = 1;
	classes = {
	};
	objectVersion = 46;
	objects = {

/* Begin PBXBuildFile section */
		A58ED53B248749A300F3C455 /* AppDelegate.swift in Sources */ = {isa = PBXBuildFile; fileRef = A58ED53A248749A300F3C455 /* AppDelegate.swift */; };
		A58ED53E248749A300F3C455 /* Inventario_ios.xcdatamodeld in Sources */ = {isa = PBXBuildFile; fileRef = A58ED53C248749A300F3C455 /* Inventario_ios.xcdatamodeld */; };
		A58ED540248749A300F3C455 /* MasterViewController.swift in Sources */ = {isa = PBXBuildFile; fileRef = A58ED53F248749A300F3C455 /* MasterViewController.swift */; };
		A58ED542248749A300F3C455 /* DetailViewController.swift in Sources */ = {isa = PBXBuildFile; fileRef = A58ED541248749A300F3C455 /* DetailViewController.swift */; };
		A58ED545248749A300F3C455 /* Main.storyboard in Resources */ = {isa = PBXBuildFile; fileRef = A58ED543248749A300F3C455 /* Main.storyboard */; };
		A58ED547248749A300F3C455 /* Assets.xcassets in Resources */ = {isa = PBXBuildFile; fileRef = A58ED546248749A300F3C455 /* Assets.xcassets */; };
		A58ED54A248749A300F3C455 /* LaunchScreen.storyboard in Resources */ = {isa = PBXBuildFile; fileRef = A58ED548248749A300F3C455 /* LaunchScreen.storyboard */; };
/* End PBXBuildFile section */

/* Begin PBXFileReference section */
		A58ED537248749A300F3C455 /* Inventario-ios.app */ = {isa = PBXFileReference; explicitFileType = wrapper.application; includeInIndex = 0; path = "Inventario-ios.app"; sourceTree = BUILT_PRODUCTS_DIR; };
		A58ED53A248749A300F3C455 /* AppDelegate.swift */ = {isa = PBXFileReference; lastKnownFileType = sourcecode.swift; path = AppDelegate.swift; sourceTree = "<group>"; };
		A58ED53D248749A300F3C455 /* Inventario_ios.xcdatamodel */ = {isa = PBXFileReference; lastKnownFileType = wrapper.xcdatamodel; path = Inventario_ios.xcdatamodel; sourceTree = "<group>"; };
		A58ED53F248749A300F3C455 /* MasterViewController.swift */ = {isa = PBXFileReference; lastKnownFileType = sourcecode.swift; path = MasterViewController.swift; sourceTree = "<group>"; };
		A58ED541248749A300F3C455 /* DetailViewController.swift */ = {isa = PBXFileReference; lastKnownFileType = sourcecode.swift; path = DetailViewController.swift; sourceTree = "<group>"; };
		A58ED544248749A300F3C455 /* Base */ = {isa = PBXFileReference; lastKnownFileType = file.storyboard; name = Base; path = Base.lproj/Main.storyboard; sourceTree = "<group>"; };
		A58ED546248749A300F3C455 /* Assets.xcassets */ = {isa = PBXFileReference; lastKnownFileType = folder.assetcatalog; path = Assets.xcassets; sourceTree = "<group>"; };
		A58ED549248749A300F3C455 /* Base */ = {isa = PBXFileReference; lastKnownFileType = file.storyboard; name = Base; path = Base.lproj/LaunchScreen.storyboard; sourceTree = "<group>"; };
		A58ED54B248749A300F3C455 /* Info.plist */ = {isa = PBXFileReference; lastKnownFileType = text.plist.xml; path = Info.plist; sourceTree = "<group>"; };
/* End PBXFileReference section */

/* Begin PBXFrameworksBuildPhase section */
		A58ED534248749A200F3C455 /* Frameworks */ = {
			isa = PBXFrameworksBuildPhase;
			buildActionMask = 2147483647;
			files = (
			);
			runOnlyForDeploymentPostprocessing = 0;
		};
/* End PBXFrameworksBuildPhase section */

/* Begin PBXGroup section */
		A58ED52E248749A200F3C455 = {
			isa = PBXGroup;
			children = (
				A58ED539248749A300F3C455 /* Inventario-ios */,
				A58ED538248749A300F3C455 /* Products */,
			);
			sourceTree = "<group>";
		};
		A58ED538248749A300F3C455 /* Products */ = {
			isa = PBXGroup;
			children = (
				A58ED537248749A300F3C455 /* Inventario-ios.app */,
			);
			name = Products;
			sourceTree = "<group>";
		};
		A58ED539248749A300F3C455 /* Inventario-ios */ = {
			isa = PBXGroup;
			children = (
				A58ED55424874A6C00F3C455 /* Controllers */,
				A58ED55324874A6400F3C455 /* Views */,
				A58ED55124874A2E00F3C455 /* Models */,
				A58ED53A248749A300F3C455 /* AppDelegate.swift */,
				A58ED546248749A300F3C455 /* Assets.xcassets */,
				A58ED54B248749A300F3C455 /* Info.plist */,
				A58ED53C248749A300F3C455 /* Inventario_ios.xcdatamodeld */,
			);
			path = "Inventario-ios";
			sourceTree = "<group>";
		};
		A58ED55124874A2E00F3C455 /* Models */ = {
			isa = PBXGroup;
			children = (
			);
			name = Models;
			sourceTree = "<group>";
		};
		A58ED55324874A6400F3C455 /* Views */ = {
			isa = PBXGroup;
			children = (
				A58ED543248749A300F3C455 /* Main.storyboard */,
				A58ED548248749A300F3C455 /* LaunchScreen.storyboard */,
			);
			name = Views;
			sourceTree = "<group>";
		};
		A58ED55424874A6C00F3C455 /* Controllers */ = {
			isa = PBXGroup;
			children = (
				A58ED541248749A300F3C455 /* DetailViewController.swift */,
				A58ED53F248749A300F3C455 /* MasterViewController.swift */,
			);
			name = Controllers;
			sourceTree = "<group>";
		};
/* End PBXGroup section */

/* Begin PBXNativeTarget section */
		A58ED536248749A200F3C455 /* Inventario-ios */ = {
			isa = PBXNativeTarget;
			buildConfigurationList = A58ED54E248749A300F3C455 /* Build configuration list for PBXNativeTarget "Inventario-ios" */;
			buildPhases = (
				A58ED533248749A200F3C455 /* Sources */,
				A58ED534248749A200F3C455 /* Frameworks */,
				A58ED535248749A200F3C455 /* Resources */,
			);
			buildRules = (
			);
			dependencies = (
			);
			name = "Inventario-ios";
			productName = "Inventario-ios";
			productReference = A58ED537248749A300F3C455 /* Inventario-ios.app */;
			productType = "com.apple.product-type.application";
		};
/* End PBXNativeTarget section */

/* Begin PBXProject section */
		A58ED52F248749A200F3C455 /* Project object */ = {
			isa = PBXProject;
			attributes = {
				LastSwiftUpdateCheck = 0820;
				LastUpgradeCheck = 0820;
				ORGANIZATIONNAME = Douglas;
				TargetAttributes = {
					A58ED536248749A200F3C455 = {
						CreatedOnToolsVersion = 8.2;
						ProvisioningStyle = Automatic;
					};
				};
			};
			buildConfigurationList = A58ED532248749A200F3C455 /* Build configuration list for PBXProject "Inventario-ios" */;
			compatibilityVersion = "Xcode 3.2";
			developmentRegion = English;
			hasScannedForEncodings = 0;
			knownRegions = (
				en,
				Base,
			);
			mainGroup = A58ED52E248749A200F3C455;
			productRefGroup = A58ED538248749A300F3C455 /* Products */;
			projectDirPath = "";
			projectRoot = "";
			targets = (
				A58ED536248749A200F3C455 /* Inventario-ios */,
			);
		};
/* End PBXProject section */

/* Begin PBXResourcesBuildPhase section */
		A58ED535248749A200F3C455 /* Resources */ = {
			isa = PBXResourcesBuildPhase;
			buildActionMask = 2147483647;
			files = (
				A58ED54A248749A300F3C455 /* LaunchScreen.storyboard in Resources */,
				A58ED547248749A300F3C455 /* Assets.xcassets in Resources */,
				A58ED545248749A300F3C455 /* Main.storyboard in Resources */,
			);
			runOnlyForDeploymentPostprocessing = 0;
		};
/* End PBXResourcesBuildPhase section */

/* Begin PBXSourcesBuildPhase section */
		A58ED533248749A200F3C455 /* Sources */ = {
			isa = PBXSourcesBuildPhase;
			buildActionMask = 2147483647;
			files = (
				A58ED53E248749A300F3C455 /* Inventario_ios.xcdatamodeld in Sources */,
				A58ED53B248749A300F3C455 /* AppDelegate.swift in Sources */,
				A58ED540248749A300F3C455 /* MasterViewController.swift in Sources */,
				A58ED542248749A300F3C455 /* DetailViewController.swift in Sources */,
			);
			runOnlyForDeploymentPostprocessing = 0;
		};
/* End PBXSourcesBuildPhase section */

/* Begin PBXVariantGroup section */
		A58ED543248749A300F3C455 /* Main.storyboard */ = {
			isa = PBXVariantGroup;
			children = (
				A58ED544248749A300F3C455 /* Base */,
			);
			name = Main.storyboard;
			sourceTree = "<group>";
		};
		A58ED548248749A300F3C455 /* LaunchScreen.storyboard */ = {
			isa = PBXVariantGroup;
			children = (
				A58ED549248749A300F3C455 /* Base */,
			);
			name = LaunchScreen.storyboard;
			sourceTree = "<group>";
		};
/* End PBXVariantGroup section */

/* Begin XCBuildConfiguration section */
		A58ED54C248749A300F3C455 /* Debug */ = {
			isa = XCBuildConfiguration;
			buildSettings = {
				ALWAYS_SEARCH_USER_PATHS = NO;
				CLANG_ANALYZER_NONNULL = YES;
				CLANG_CXX_LANGUAGE_STANDARD = "gnu++0x";
				CLANG_CXX_LIBRARY = "libc++";
				CLANG_ENABLE_MODULES = YES;
				CLANG_ENABLE_OBJC_ARC = YES;
				CLANG_WARN_BOOL_CONVERSION = YES;
				CLANG_WARN_CONSTANT_CONVERSION = YES;
				CLANG_WARN_DIRECT_OBJC_ISA_USAGE = YES_ERROR;
				CLANG_WARN_DOCUMENTATION_COMMENTS = YES;
				CLANG_WARN_EMPTY_BODY = YES;
				CLANG_WARN_ENUM_CONVERSION = YES;
				CLANG_WARN_INFINITE_RECURSION = YES;
				CLANG_WARN_INT_CONVERSION = YES;
				CLANG_WARN_OBJC_ROOT_CLASS = YES_ERROR;
				CLANG_WARN_SUSPICIOUS_MOVE = YES;
				CLANG_WARN_UNREACHABLE_CODE = YES;
				CLANG_WARN__DUPLICATE_METHOD_MATCH = YES;
				"CODE_SIGN_IDENTITY[sdk=iphoneos*]" = "iPhone Developer";
				COPY_PHASE_STRIP = NO;
				DEBUG_INFORMATION_FORMAT = dwarf;
				ENABLE_STRICT_OBJC_MSGSEND = YES;
				ENABLE_TESTABILITY = YES;
				GCC_C_LANGUAGE_STANDARD = gnu99;
				GCC_DYNAMIC_NO_PIC = NO;
				GCC_NO_COMMON_BLOCKS = YES;
				GCC_OPTIMIZATION_LEVEL = 0;
				GCC_PREPROCESSOR_DEFINITIONS = (
					"DEBUG=1",
					"$(inherited)",
				);
				GCC_WARN_64_TO_32_BIT_CONVERSION = YES;
				GCC_WARN_ABOUT_RETURN_TYPE = YES_ERROR;
				GCC_WARN_UNDECLARED_SELECTOR = YES;
				GCC_WARN_UNINITIALIZED_AUTOS = YES_AGGRESSIVE;
				GCC_WARN_UNUSED_FUNCTION = YES;
				GCC_WARN_UNUSED_VARIABLE = YES;
				IPHONEOS_DEPLOYMENT_TARGET = 10.2;
				MTL_ENABLE_DEBUG_INFO = YES;
				ONLY_ACTIVE_ARCH = YES;
				SDKROOT = iphoneos;
				SWIFT_ACTIVE_COMPILATION_CONDITIONS = DEBUG;
				SWIFT_OPTIMIZATION_LEVEL = "-Onone";
			};
			name = Debug;
		};
		A58ED54D248749A300F3C455 /* Release */ = {
			isa = XCBuildConfiguration;
			buildSettings = {
				ALWAYS_SEARCH_USER_PATHS = NO;
				CLANG_ANALYZER_NONNULL = YES;
				CLANG_CXX_LANGUAGE_STANDARD = "gnu++0x";
				CLANG_CXX_LIBRARY = "libc++";
				CLANG_ENABLE_MODULES = YES;
				CLANG_ENABLE_OBJC_ARC = YES;
				CLANG_WARN_BOOL_CONVERSION = YES;
				CLANG_WARN_CONSTANT_CONVERSION = YES;
				CLANG_WARN_DIRECT_OBJC_ISA_USAGE = YES_ERROR;
				CLANG_WARN_DOCUMENTATION_COMMENTS = YES;
				CLANG_WARN_EMPTY_BODY = YES;
				CLANG_WARN_ENUM_CONVERSION = YES;
				CLANG_WARN_INFINITE_RECURSION = YES;
				CLANG_WARN_INT_CONVERSION = YES;
				CLANG_WARN_OBJC_ROOT_CLASS = YES_ERROR;
				CLANG_WARN_SUSPICIOUS_MOVE = YES;
				CLANG_WARN_UNREACHABLE_CODE = YES;
				CLANG_WARN__DUPLICATE_METHOD_MATCH = YES;
				"CODE_SIGN_IDENTITY[sdk=iphoneos*]" = "iPhone Developer";
				COPY_PHASE_STRIP = NO;
				DEBUG_INFORMATION_FORMAT = "dwarf-with-dsym";
				ENABLE_NS_ASSERTIONS = NO;
				ENABLE_STRICT_OBJC_MSGSEND = YES;
				GCC_C_LANGUAGE_STANDARD = gnu99;
				GCC_NO_COMMON_BLOCKS = YES;
				GCC_WARN_64_TO_32_BIT_CONVERSION = YES;
				GCC_WARN_ABOUT_RETURN_TYPE = YES_ERROR;
				GCC_WARN_UNDECLARED_SELECTOR = YES;
				GCC_WARN_UNINITIALIZED_AUTOS = YES_AGGRESSIVE;
				GCC_WARN_UNUSED_FUNCTION = YES;
				GCC_WARN_UNUSED_VARIABLE = YES;
				IPHONEOS_DEPLOYMENT_TARGET = 10.2;
				MTL_ENABLE_DEBUG_INFO = NO;
				SDKROOT = iphoneos;
				SWIFT_OPTIMIZATION_LEVEL = "-Owholemodule";
				VALIDATE_PRODUCT = YES;
			};
			name = Release;
		};
		A58ED54F248749A300F3C455 /* Debug */ = {
			isa = XCBuildConfiguration;
			buildSettings = {
				ASSETCATALOG_COMPILER_APPICON_NAME = AppIcon;
				INFOPLIST_FILE = "Inventario-ios/Info.plist";
				LD_RUNPATH_SEARCH_PATHS = "$(inherited) @executable_path/Frameworks";
				PRODUCT_BUNDLE_IDENTIFIER = "etps3.Inventario-ios";
				PRODUCT_NAME = "$(TARGET_NAME)";
				SWIFT_VERSION = 3.0;
			};
			name = Debug;
		};
		A58ED550248749A300F3C455 /* Release */ = {
			isa = XCBuildConfiguration;
			buildSettings = {
				ASSETCATALOG_COMPILER_APPICON_NAME = AppIcon;
				INFOPLIST_FILE = "Inventario-ios/Info.plist";
				LD_RUNPATH_SEARCH_PATHS = "$(inherited) @executable_path/Frameworks";
				PRODUCT_BUNDLE_IDENTIFIER = "etps3.Inventario-ios";
				PRODUCT_NAME = "$(TARGET_NAME)";
				SWIFT_VERSION = 3.0;
			};
			name = Release;
		};
/* End XCBuildConfiguration section */

/* Begin XCConfigurationList section */
		A58ED532248749A200F3C455 /* Build configuration list for PBXProject "Inventario-ios" */ = {
			isa = XCConfigurationList;
			buildConfigurations = (
				A58ED54C248749A300F3C455 /* Debug */,
				A58ED54D248749A300F3C455 /* Release */,
			);
			defaultConfigurationIsVisible = 0;
			defaultConfigurationName = Release;
		};
		A58ED54E248749A300F3C455 /* Build configuration list for PBXNativeTarget "Inventario-ios" */ = {
			isa = XCConfigurationList;
			buildConfigurations = (
				A58ED54F248749A300F3C455 /* Debug */,
				A58ED550248749A300F3C455 /* Release */,
			);
			defaultConfigurationIsVisible = 0;
		};
/* End XCConfigurationList section */

/* Begin XCVersionGroup section */
		A58ED53C248749A300F3C455 /* Inventario_ios.xcdatamodeld */ = {
			isa = XCVersionGroup;
			children = (
				A58ED53D248749A300F3C455 /* Inventario_ios.xcdatamodel */,
			);
			currentVersion = A58ED53D248749A300F3C455 /* Inventario_ios.xcdatamodel */;
			path = Inventario_ios.xcdatamodeld;
			sourceTree = "<group>";
			versionGroupType = wrapper.xcdatamodel;
		};
/* End XCVersionGroup section */
	};
	rootObject = A58ED52F248749A200F3C455 /* Project object */;
}
